
Microsoft Visual Studio Solution File, Format Version 12.00
# Visual Studio Version 16
VisualStudioVersion = 16.0.30804.86
MinimumVisualStudioVersion = 10.0.40219.1
Project("{2150E333-8FDC-42A3-9474-1A3956D46DE8}") = "ShopManagement", "ShopManagement", "{32F39696-D344-4BD4-863E-EEBDE1E095EE}"
EndProject
Project("{2150E333-8FDC-42A3-9474-1A3956D46DE8}") = "SM.Domain", "SM.Domain", "{EF46AAA5-6C7D-43AB-8E84-F690CFE255B9}"
EndProject
Project("{9A19103F-16F7-4668-BE54-9A1E7A4F7556}") = "ShopManagement.Domain", "ShopManagement.Domain\ShopManagement.Domain.csproj", "{637F971D-7F22-4DB0-96C4-96E5B83A973C}"
EndProject
Project("{9A19103F-16F7-4668-BE54-9A1E7A4F7556}") = "0_Framework", "0_Framework\0_Framework.csproj", "{96783629-E0ED-4D97-8EF9-F9EAE4D714F0}"
EndProject
Project("{2150E333-8FDC-42A3-9474-1A3956D46DE8}") = "SM.Application", "SM.Application", "{BE664748-0F28-4CBF-9F47-A0CBC578C9D5}"
EndProject
Project("{9A19103F-16F7-4668-BE54-9A1E7A4F7556}") = "ShopManagement.Application.Contracts", "ShopManagement.Application.Contracts\ShopManagement.Application.Contracts.csproj", "{D4220AA2-62D8-4B2B-9D29-63922A95BB61}"
EndProject
Project("{9A19103F-16F7-4668-BE54-9A1E7A4F7556}") = "ShopManagement.Application", "ShopManegement.Application\ShopManagement.Application.csproj", "{198AF4DD-B0DE-46AF-A966-64BB98F3EF57}"
EndProject
Project("{2150E333-8FDC-42A3-9474-1A3956D46DE8}") = "SM.Infrastructure", "SM.Infrastructure", "{7D13074E-0B76-4369-A0FD-D11FA3735437}"
EndProject
Project("{9A19103F-16F7-4668-BE54-9A1E7A4F7556}") = "ShopManagement.Infrastructure.EFCore", "ShopManagement.Infrastructure.EFCore\ShopManagement.Infrastructure.EFCore.csproj", "{E5EC9B3A-35FE-4C5E-9E40-8516CF9B8AF0}"
EndProject
Project("{9A19103F-16F7-4668-BE54-9A1E7A4F7556}") = "ShopManagement.Configuration", "ShopManagement.Configuration\ShopManagement.Configuration.csproj", "{993E30AA-EECA-4EB7-92D4-66652632C376}"
EndProject
Project("{9A19103F-16F7-4668-BE54-9A1E7A4F7556}") = "ServiceHost", "ServiceHost\ServiceHost.csproj", "{46214E2F-81A7-4EB0-843B-D351F54704DE}"
EndProject
Project("{9A19103F-16F7-4668-BE54-9A1E7A4F7556}") = "01_KhayatibanargesQuery", "01_KhayatibanargesQuery\01_KhayatibanargesQuery.csproj", "{2E246871-8EB3-43DC-9DE0-B7F8ABD56FD8}"
EndProject
Project("{2150E333-8FDC-42A3-9474-1A3956D46DE8}") = "DiscountManagement", "DiscountManagement", "{591A338E-A8D6-4F7C-B7BB-BD8944161D25}"
EndProject
Project("{2150E333-8FDC-42A3-9474-1A3956D46DE8}") = "DM.Domain", "DM.Domain", "{883AC3A2-8573-430E-9223-45259764F339}"
EndProject
Project("{9A19103F-16F7-4668-BE54-9A1E7A4F7556}") = "DiscountManagement.Domain", "DiscountManagement.Domain\DiscountManagement.Domain.csproj", "{9B5F9F95-4E82-46AB-86D4-8AEC73DBF19B}"
EndProject
Project("{2150E333-8FDC-42A3-9474-1A3956D46DE8}") = "DM.Application", "DM.Application", "{90B711D1-92BD-462E-9FC7-4F07445A6132}"
EndProject
Project("{9A19103F-16F7-4668-BE54-9A1E7A4F7556}") = "DiscountManagement.Application.Contract", "DiscountManagement.Application.Contract\DiscountManagement.Application.Contract.csproj", "{05C477EA-5BF9-4096-BB17-80F6A9649184}"
EndProject
Project("{9A19103F-16F7-4668-BE54-9A1E7A4F7556}") = "DiscountManagement.Application", "DiscountManagement.Application\DiscountManagement.Application.csproj", "{B28214B5-F6E9-4079-AFDC-10277DA4E138}"
EndProject
Project("{2150E333-8FDC-42A3-9474-1A3956D46DE8}") = "DM.Infrastructure", "DM.Infrastructure", "{F62EB76E-CCB8-470E-B9E9-B97F9FA4E268}"
EndProject
Project("{9A19103F-16F7-4668-BE54-9A1E7A4F7556}") = "DiscountManagement.Infrastructure.EFCore", "DiscountManagement.Infrastructure.EFCore\DiscountManagement.Infrastructure.EFCore.csproj", "{75DD0AB2-2549-48B5-BC3C-323E4DA50B87}"
EndProject
Project("{9A19103F-16F7-4668-BE54-9A1E7A4F7556}") = "DiscountManagement.Configuration", "DiscountManagement.Configuration\DiscountManagement.Configuration.csproj", "{C9CE7B73-E433-43DA-A638-824D093D2E8B}"
EndProject
Project("{2150E333-8FDC-42A3-9474-1A3956D46DE8}") = "InventoryManagement", "InventoryManagement", "{508FFD05-6131-4251-A248-21392396A7DD}"
EndProject
Project("{2150E333-8FDC-42A3-9474-1A3956D46DE8}") = "IM.Domain", "IM.Domain", "{3F85A89F-448D-4DB5-B087-680FEECFBEC3}"
EndProject
Project("{9A19103F-16F7-4668-BE54-9A1E7A4F7556}") = "InventoryManagement.Domain", "InventoryManagement.Domain\InventoryManagement.Domain.csproj", "{D58090E5-F148-4F0A-98AE-F39685DF7EF2}"
EndProject
Project("{2150E333-8FDC-42A3-9474-1A3956D46DE8}") = "IM.Application", "IM.Application", "{E749445D-EA85-400F-9E62-90017DFA363B}"
EndProject
Project("{9A19103F-16F7-4668-BE54-9A1E7A4F7556}") = "InventoryManagement.Application.Contract", "InventoryManagement.Application.Contract\InventoryManagement.Application.Contract.csproj", "{BAD8F38F-1E58-4A70-849B-90CE6BD12D74}"
EndProject
Project("{2150E333-8FDC-42A3-9474-1A3956D46DE8}") = "IM.Infrastructure", "IM.Infrastructure", "{54E9454C-A9CF-4283-82CC-9611B73171EC}"
EndProject
Project("{9A19103F-16F7-4668-BE54-9A1E7A4F7556}") = "InventoryManagement.Infrastructure.EFCore", "InventoryManagement.Infrastructure.EFCore\InventoryManagement.Infrastructure.EFCore.csproj", "{4F8A3566-6802-47C9-BB11-5242A434B680}"
EndProject
Project("{9A19103F-16F7-4668-BE54-9A1E7A4F7556}") = "InventoryManagement.Infrastructure.Configuration", "InventoryManagement.Infrastructure.Configuration\InventoryManagement.Infrastructure.Configuration.csproj", "{F29DBC2F-461E-42AF-BFAB-23D0858EA072}"
EndProject
Project("{9A19103F-16F7-4668-BE54-9A1E7A4F7556}") = "InventoryManagement.Application", "InventoryManagement.Application\InventoryManagement.Application.csproj", "{ECDCD64C-C70C-4BC6-A987-E3F7D889CA8E}"
EndProject
Project("{2150E333-8FDC-42A3-9474-1A3956D46DE8}") = "BlogManagement", "BlogManagement", "{33BD36A8-3DC2-4763-BB33-D79C890AEC7F}"
EndProject
Project("{2150E333-8FDC-42A3-9474-1A3956D46DE8}") = "BM.Domain", "BM.Domain", "{B16E74A6-4939-4C02-848A-0FA58D705FF5}"
EndProject
Project("{9A19103F-16F7-4668-BE54-9A1E7A4F7556}") = "BlogManagement.Domain", "BlogManagement.Domain\BlogManagement.Domain.csproj", "{D10A32E0-D18D-4171-91CC-33EBEE919ADA}"
EndProject
Project("{2150E333-8FDC-42A3-9474-1A3956D46DE8}") = "BM.Application", "BM.Application", "{1A848BD9-0C35-419F-A220-4F9FD1E3283A}"
EndProject
Project("{9A19103F-16F7-4668-BE54-9A1E7A4F7556}") = "BlogManagement.Application.Contract", "BlogManagement.Application.Contract\BlogManagement.Application.Contract.csproj", "{3730B5E8-7BEE-4F71-9412-2E9C45EEA35D}"
EndProject
Project("{9A19103F-16F7-4668-BE54-9A1E7A4F7556}") = "BlogManagement.Application", "BlogManagement.Application\BlogManagement.Application.csproj", "{509716EF-450E-4F65-884F-79247E8B87DC}"
EndProject
Project("{2150E333-8FDC-42A3-9474-1A3956D46DE8}") = "BM.Infrastructure", "BM.Infrastructure", "{9A002C41-A4BF-49A9-AA78-45F9316E9F27}"
EndProject
Project("{9A19103F-16F7-4668-BE54-9A1E7A4F7556}") = "BlogManagement.Infrastructure.EFCore", "BlogManagement.Infrastructure.EFCore\BlogManagement.Infrastructure.EFCore.csproj", "{93A2BE10-9D81-4C8B-9DA8-AA1DE30FB53D}"
EndProject
Project("{9A19103F-16F7-4668-BE54-9A1E7A4F7556}") = "BlogManagement.Infrastructure.Configuration", "BlogManagement.Infrastructure.Configuration\BlogManagement.Infrastructure.Configuration.csproj", "{99BE8637-90FD-4431-8411-A185816F3236}"
EndProject
Project("{2150E333-8FDC-42A3-9474-1A3956D46DE8}") = "CommentManagement", "CommentManagement", "{762D875E-3DD9-4B74-B04F-E1F2A5755EF9}"
EndProject
Project("{2150E333-8FDC-42A3-9474-1A3956D46DE8}") = "CM.Domain", "CM.Domain", "{B7558864-797B-4251-B53E-A1653415DBA4}"
EndProject
Project("{9A19103F-16F7-4668-BE54-9A1E7A4F7556}") = "CommentManagement.Domain", "CommentManagement.Domain\CommentManagement.Domain.csproj", "{3E19B688-BD51-4082-88D1-F33D3FDEB89B}"
EndProject
Project("{2150E333-8FDC-42A3-9474-1A3956D46DE8}") = "CM.Application", "CM.Application", "{476FAED7-5DF7-4ACD-9E37-7AA071ECAC76}"
EndProject
Project("{9A19103F-16F7-4668-BE54-9A1E7A4F7556}") = "CommentManagement.Application.Contracts", "CommentManagement.Application.Contracts\CommentManagement.Application.Contracts.csproj", "{948D65E0-FDD7-4219-B60E-2CA7E7E7A683}"
EndProject
Project("{9A19103F-16F7-4668-BE54-9A1E7A4F7556}") = "CommentManagement.Application", "CommentManagement.Application\CommentManagement.Application.csproj", "{09354BFF-F270-467F-90C8-6DF69F556A1A}"
EndProject
Project("{2150E333-8FDC-42A3-9474-1A3956D46DE8}") = "CM.Infrastructure", "CM.Infrastructure", "{8162548C-03FB-4FB8-8913-4DEC06D34E01}"
EndProject
Project("{9A19103F-16F7-4668-BE54-9A1E7A4F7556}") = "CommentManagement.Infrastructure.EFCore", "CommentManagement.Infrastructure.EFCore\CommentManagement.Infrastructure.EFCore.csproj", "{E9BE6BC3-3A78-442A-994C-E60A3A4AAA38}"
EndProject
Project("{9A19103F-16F7-4668-BE54-9A1E7A4F7556}") = "CommentManagement.Infrastructure.Configuration", "CommentManagement.Infrastructure.Configuration\CommentManagement.Infrastructure.Configuration.csproj", "{856D3825-0177-4250-9549-982332D9357C}"
EndProject
Project("{2150E333-8FDC-42A3-9474-1A3956D46DE8}") = "AccountManagement", "AccountManagement", "{F1F428D9-0B5C-4A53-80F0-3B48A9A7D628}"
EndProject
Project("{2150E333-8FDC-42A3-9474-1A3956D46DE8}") = "AC.Domain", "AC.Domain", "{92DABA34-8622-4888-9ADA-B6068B8E95BE}"
EndProject
Project("{9A19103F-16F7-4668-BE54-9A1E7A4F7556}") = "AccountManagement.Domain", "AccountManagement.Domain\AccountManagement.Domain.csproj", "{25BFE82F-8806-4D7C-9759-C81746D3E889}"
EndProject
Project("{2150E333-8FDC-42A3-9474-1A3956D46DE8}") = "AC.Application", "AC.Application", "{47527566-8AF7-452E-94D6-23185AE2580C}"
EndProject
Project("{9A19103F-16F7-4668-BE54-9A1E7A4F7556}") = "AccountManagement.Application.Contracts", "AccountManagement.Application.Contracts\AccountManagement.Application.Contracts.csproj", "{97D4668D-A042-45AE-A783-1F54FADACC36}"
EndProject
Project("{2150E333-8FDC-42A3-9474-1A3956D46DE8}") = "AC.Infrastructure", "AC.Infrastructure", "{AC3F02F3-5397-44EF-92D1-878DF30B5BD2}"
EndProject
Project("{9A19103F-16F7-4668-BE54-9A1E7A4F7556}") = "AccountManagement.Infrastructure.EFCore", "AccountManagement.Infrastructure.EFCore\AccountManagement.Infrastructure.EFCore.csproj", "{6B3DBD40-1D1A-46B1-B47E-425001F0183A}"
EndProject
Project("{9A19103F-16F7-4668-BE54-9A1E7A4F7556}") = "AccountManagement.Application", "AccountManagement.Application\AccountManagement.Application.csproj", "{965E558A-9277-4380-9036-08183BBFF220}"
EndProject
Project("{9A19103F-16F7-4668-BE54-9A1E7A4F7556}") = "AccountManagement.Configuration", "AccountManagement.Configuration\AccountManagement.Configuration.csproj", "{05B66488-C12B-48B8-A95C-0EEAEFE1087F}"
EndProject
Global
	GlobalSection(SolutionConfigurationPlatforms) = preSolution
		Debug|Any CPU = Debug|Any CPU
		Release|Any CPU = Release|Any CPU
	EndGlobalSection
	GlobalSection(ProjectConfigurationPlatforms) = postSolution
		{637F971D-7F22-4DB0-96C4-96E5B83A973C}.Debug|Any CPU.ActiveCfg = Debug|Any CPU
		{637F971D-7F22-4DB0-96C4-96E5B83A973C}.Debug|Any CPU.Build.0 = Debug|Any CPU
		{637F971D-7F22-4DB0-96C4-96E5B83A973C}.Release|Any CPU.ActiveCfg = Release|Any CPU
		{637F971D-7F22-4DB0-96C4-96E5B83A973C}.Release|Any CPU.Build.0 = Release|Any CPU
		{96783629-E0ED-4D97-8EF9-F9EAE4D714F0}.Debug|Any CPU.ActiveCfg = Debug|Any CPU
		{96783629-E0ED-4D97-8EF9-F9EAE4D714F0}.Debug|Any CPU.Build.0 = Debug|Any CPU
		{96783629-E0ED-4D97-8EF9-F9EAE4D714F0}.Release|Any CPU.ActiveCfg = Release|Any CPU
		{96783629-E0ED-4D97-8EF9-F9EAE4D714F0}.Release|Any CPU.Build.0 = Release|Any CPU
		{D4220AA2-62D8-4B2B-9D29-63922A95BB61}.Debug|Any CPU.ActiveCfg = Debug|Any CPU
		{D4220AA2-62D8-4B2B-9D29-63922A95BB61}.Debug|Any CPU.Build.0 = Debug|Any CPU
		{D4220AA2-62D8-4B2B-9D29-63922A95BB61}.Release|Any CPU.ActiveCfg = Release|Any CPU
		{D4220AA2-62D8-4B2B-9D29-63922A95BB61}.Release|Any CPU.Build.0 = Release|Any CPU
		{198AF4DD-B0DE-46AF-A966-64BB98F3EF57}.Debug|Any CPU.ActiveCfg = Debug|Any CPU
		{198AF4DD-B0DE-46AF-A966-64BB98F3EF57}.Debug|Any CPU.Build.0 = Debug|Any CPU
		{198AF4DD-B0DE-46AF-A966-64BB98F3EF57}.Release|Any CPU.ActiveCfg = Release|Any CPU
		{198AF4DD-B0DE-46AF-A966-64BB98F3EF57}.Release|Any CPU.Build.0 = Release|Any CPU
		{E5EC9B3A-35FE-4C5E-9E40-8516CF9B8AF0}.Debug|Any CPU.ActiveCfg = Debug|Any CPU
		{E5EC9B3A-35FE-4C5E-9E40-8516CF9B8AF0}.Debug|Any CPU.Build.0 = Debug|Any CPU
		{E5EC9B3A-35FE-4C5E-9E40-8516CF9B8AF0}.Release|Any CPU.ActiveCfg = Release|Any CPU
		{E5EC9B3A-35FE-4C5E-9E40-8516CF9B8AF0}.Release|Any CPU.Build.0 = Release|Any CPU
		{993E30AA-EECA-4EB7-92D4-66652632C376}.Debug|Any CPU.ActiveCfg = Debug|Any CPU
		{993E30AA-EECA-4EB7-92D4-66652632C376}.Debug|Any CPU.Build.0 = Debug|Any CPU
		{993E30AA-EECA-4EB7-92D4-66652632C376}.Release|Any CPU.ActiveCfg = Release|Any CPU
		{993E30AA-EECA-4EB7-92D4-66652632C376}.Release|Any CPU.Build.0 = Release|Any CPU
		{46214E2F-81A7-4EB0-843B-D351F54704DE}.Debug|Any CPU.ActiveCfg = Debug|Any CPU
		{46214E2F-81A7-4EB0-843B-D351F54704DE}.Debug|Any CPU.Build.0 = Debug|Any CPU
		{46214E2F-81A7-4EB0-843B-D351F54704DE}.Release|Any CPU.ActiveCfg = Release|Any CPU
		{46214E2F-81A7-4EB0-843B-D351F54704DE}.Release|Any CPU.Build.0 = Release|Any CPU
		{2E246871-8EB3-43DC-9DE0-B7F8ABD56FD8}.Debug|Any CPU.ActiveCfg = Debug|Any CPU
		{2E246871-8EB3-43DC-9DE0-B7F8ABD56FD8}.Debug|Any CPU.Build.0 = Debug|Any CPU
		{2E246871-8EB3-43DC-9DE0-B7F8ABD56FD8}.Release|Any CPU.ActiveCfg = Release|Any CPU
		{2E246871-8EB3-43DC-9DE0-B7F8ABD56FD8}.Release|Any CPU.Build.0 = Release|Any CPU
		{9B5F9F95-4E82-46AB-86D4-8AEC73DBF19B}.Debug|Any CPU.ActiveCfg = Debug|Any CPU
		{9B5F9F95-4E82-46AB-86D4-8AEC73DBF19B}.Debug|Any CPU.Build.0 = Debug|Any CPU
		{9B5F9F95-4E82-46AB-86D4-8AEC73DBF19B}.Release|Any CPU.ActiveCfg = Release|Any CPU
		{9B5F9F95-4E82-46AB-86D4-8AEC73DBF19B}.Release|Any CPU.Build.0 = Release|Any CPU
		{05C477EA-5BF9-4096-BB17-80F6A9649184}.Debug|Any CPU.ActiveCfg = Debug|Any CPU
		{05C477EA-5BF9-4096-BB17-80F6A9649184}.Debug|Any CPU.Build.0 = Debug|Any CPU
		{05C477EA-5BF9-4096-BB17-80F6A9649184}.Release|Any CPU.ActiveCfg = Release|Any CPU
		{05C477EA-5BF9-4096-BB17-80F6A9649184}.Release|Any CPU.Build.0 = Release|Any CPU
		{B28214B5-F6E9-4079-AFDC-10277DA4E138}.Debug|Any CPU.ActiveCfg = Debug|Any CPU
		{B28214B5-F6E9-4079-AFDC-10277DA4E138}.Debug|Any CPU.Build.0 = Debug|Any CPU
		{B28214B5-F6E9-4079-AFDC-10277DA4E138}.Release|Any CPU.ActiveCfg = Release|Any CPU
		{B28214B5-F6E9-4079-AFDC-10277DA4E138}.Release|Any CPU.Build.0 = Release|Any CPU
		{75DD0AB2-2549-48B5-BC3C-323E4DA50B87}.Debug|Any CPU.ActiveCfg = Debug|Any CPU
		{75DD0AB2-2549-48B5-BC3C-323E4DA50B87}.Debug|Any CPU.Build.0 = Debug|Any CPU
		{75DD0AB2-2549-48B5-BC3C-323E4DA50B87}.Release|Any CPU.ActiveCfg = Release|Any CPU
		{75DD0AB2-2549-48B5-BC3C-323E4DA50B87}.Release|Any CPU.Build.0 = Release|Any CPU
		{C9CE7B73-E433-43DA-A638-824D093D2E8B}.Debug|Any CPU.ActiveCfg = Debug|Any CPU
		{C9CE7B73-E433-43DA-A638-824D093D2E8B}.Debug|Any CPU.Build.0 = Debug|Any CPU
		{C9CE7B73-E433-43DA-A638-824D093D2E8B}.Release|Any CPU.ActiveCfg = Release|Any CPU
		{C9CE7B73-E433-43DA-A638-824D093D2E8B}.Release|Any CPU.Build.0 = Release|Any CPU
		{D58090E5-F148-4F0A-98AE-F39685DF7EF2}.Debug|Any CPU.ActiveCfg = Debug|Any CPU
		{D58090E5-F148-4F0A-98AE-F39685DF7EF2}.Debug|Any CPU.Build.0 = Debug|Any CPU
		{D58090E5-F148-4F0A-98AE-F39685DF7EF2}.Release|Any CPU.ActiveCfg = Release|Any CPU
		{D58090E5-F148-4F0A-98AE-F39685DF7EF2}.Release|Any CPU.Build.0 = Release|Any CPU
		{BAD8F38F-1E58-4A70-849B-90CE6BD12D74}.Debug|Any CPU.ActiveCfg = Debug|Any CPU
		{BAD8F38F-1E58-4A70-849B-90CE6BD12D74}.Debug|Any CPU.Build.0 = Debug|Any CPU
		{BAD8F38F-1E58-4A70-849B-90CE6BD12D74}.Release|Any CPU.ActiveCfg = Release|Any CPU
		{BAD8F38F-1E58-4A70-849B-90CE6BD12D74}.Release|Any CPU.Build.0 = Release|Any CPU
		{4F8A3566-6802-47C9-BB11-5242A434B680}.Debug|Any CPU.ActiveCfg = Debug|Any CPU
		{4F8A3566-6802-47C9-BB11-5242A434B680}.Debug|Any CPU.Build.0 = Debug|Any CPU
		{4F8A3566-6802-47C9-BB11-5242A434B680}.Release|Any CPU.ActiveCfg = Release|Any CPU
		{4F8A3566-6802-47C9-BB11-5242A434B680}.Release|Any CPU.Build.0 = Release|Any CPU
		{F29DBC2F-461E-42AF-BFAB-23D0858EA072}.Debug|Any CPU.ActiveCfg = Debug|Any CPU
		{F29DBC2F-461E-42AF-BFAB-23D0858EA072}.Debug|Any CPU.Build.0 = Debug|Any CPU
		{F29DBC2F-461E-42AF-BFAB-23D0858EA072}.Release|Any CPU.ActiveCfg = Release|Any CPU
		{F29DBC2F-461E-42AF-BFAB-23D0858EA072}.Release|Any CPU.Build.0 = Release|Any CPU
		{ECDCD64C-C70C-4BC6-A987-E3F7D889CA8E}.Debug|Any CPU.ActiveCfg = Debug|Any CPU
		{ECDCD64C-C70C-4BC6-A987-E3F7D889CA8E}.Debug|Any CPU.Build.0 = Debug|Any CPU
		{ECDCD64C-C70C-4BC6-A987-E3F7D889CA8E}.Release|Any CPU.ActiveCfg = Release|Any CPU
		{ECDCD64C-C70C-4BC6-A987-E3F7D889CA8E}.Release|Any CPU.Build.0 = Release|Any CPU
		{D10A32E0-D18D-4171-91CC-33EBEE919ADA}.Debug|Any CPU.ActiveCfg = Debug|Any CPU
		{D10A32E0-D18D-4171-91CC-33EBEE919ADA}.Debug|Any CPU.Build.0 = Debug|Any CPU
		{D10A32E0-D18D-4171-91CC-33EBEE919ADA}.Release|Any CPU.ActiveCfg = Release|Any CPU
		{D10A32E0-D18D-4171-91CC-33EBEE919ADA}.Release|Any CPU.Build.0 = Release|Any CPU
		{3730B5E8-7BEE-4F71-9412-2E9C45EEA35D}.Debug|Any CPU.ActiveCfg = Debug|Any CPU
		{3730B5E8-7BEE-4F71-9412-2E9C45EEA35D}.Debug|Any CPU.Build.0 = Debug|Any CPU
		{3730B5E8-7BEE-4F71-9412-2E9C45EEA35D}.Release|Any CPU.ActiveCfg = Release|Any CPU
		{3730B5E8-7BEE-4F71-9412-2E9C45EEA35D}.Release|Any CPU.Build.0 = Release|Any CPU
		{509716EF-450E-4F65-884F-79247E8B87DC}.Debug|Any CPU.ActiveCfg = Debug|Any CPU
		{509716EF-450E-4F65-884F-79247E8B87DC}.Debug|Any CPU.Build.0 = Debug|Any CPU
		{509716EF-450E-4F65-884F-79247E8B87DC}.Release|Any CPU.ActiveCfg = Release|Any CPU
		{509716EF-450E-4F65-884F-79247E8B87DC}.Release|Any CPU.Build.0 = Release|Any CPU
		{93A2BE10-9D81-4C8B-9DA8-AA1DE30FB53D}.Debug|Any CPU.ActiveCfg = Debug|Any CPU
		{93A2BE10-9D81-4C8B-9DA8-AA1DE30FB53D}.Debug|Any CPU.Build.0 = Debug|Any CPU
		{93A2BE10-9D81-4C8B-9DA8-AA1DE30FB53D}.Release|Any CPU.ActiveCfg = Release|Any CPU
		{93A2BE10-9D81-4C8B-9DA8-AA1DE30FB53D}.Release|Any CPU.Build.0 = Release|Any CPU
		{99BE8637-90FD-4431-8411-A185816F3236}.Debug|Any CPU.ActiveCfg = Debug|Any CPU
		{99BE8637-90FD-4431-8411-A185816F3236}.Debug|Any CPU.Build.0 = Debug|Any CPU
		{99BE8637-90FD-4431-8411-A185816F3236}.Release|Any CPU.ActiveCfg = Release|Any CPU
		{99BE8637-90FD-4431-8411-A185816F3236}.Release|Any CPU.Build.0 = Release|Any CPU
		{3E19B688-BD51-4082-88D1-F33D3FDEB89B}.Debug|Any CPU.ActiveCfg = Debug|Any CPU
		{3E19B688-BD51-4082-88D1-F33D3FDEB89B}.Debug|Any CPU.Build.0 = Debug|Any CPU
		{3E19B688-BD51-4082-88D1-F33D3FDEB89B}.Release|Any CPU.ActiveCfg = Release|Any CPU
		{3E19B688-BD51-4082-88D1-F33D3FDEB89B}.Release|Any CPU.Build.0 = Release|Any CPU
		{948D65E0-FDD7-4219-B60E-2CA7E7E7A683}.Debug|Any CPU.ActiveCfg = Debug|Any CPU
		{948D65E0-FDD7-4219-B60E-2CA7E7E7A683}.Debug|Any CPU.Build.0 = Debug|Any CPU
		{948D65E0-FDD7-4219-B60E-2CA7E7E7A683}.Release|Any CPU.ActiveCfg = Release|Any CPU
		{948D65E0-FDD7-4219-B60E-2CA7E7E7A683}.Release|Any CPU.Build.0 = Release|Any CPU
		{09354BFF-F270-467F-90C8-6DF69F556A1A}.Debug|Any CPU.ActiveCfg = Debug|Any CPU
		{09354BFF-F270-467F-90C8-6DF69F556A1A}.Debug|Any CPU.Build.0 = Debug|Any CPU
		{09354BFF-F270-467F-90C8-6DF69F556A1A}.Release|Any CPU.ActiveCfg = Release|Any CPU
		{09354BFF-F270-467F-90C8-6DF69F556A1A}.Release|Any CPU.Build.0 = Release|Any CPU
		{E9BE6BC3-3A78-442A-994C-E60A3A4AAA38}.Debug|Any CPU.ActiveCfg = Debug|Any CPU
		{E9BE6BC3-3A78-442A-994C-E60A3A4AAA38}.Debug|Any CPU.Build.0 = Debug|Any CPU
		{E9BE6BC3-3A78-442A-994C-E60A3A4AAA38}.Release|Any CPU.ActiveCfg = Release|Any CPU
		{E9BE6BC3-3A78-442A-994C-E60A3A4AAA38}.Release|Any CPU.Build.0 = Release|Any CPU
		{856D3825-0177-4250-9549-982332D9357C}.Debug|Any CPU.ActiveCfg = Debug|Any CPU
		{856D3825-0177-4250-9549-982332D9357C}.Debug|Any CPU.Build.0 = Debug|Any CPU
		{856D3825-0177-4250-9549-982332D9357C}.Release|Any CPU.ActiveCfg = Release|Any CPU
		{856D3825-0177-4250-9549-982332D9357C}.Release|Any CPU.Build.0 = Release|Any CPU
		{25BFE82F-8806-4D7C-9759-C81746D3E889}.Debug|Any CPU.ActiveCfg = Debug|Any CPU
		{25BFE82F-8806-4D7C-9759-C81746D3E889}.Debug|Any CPU.Build.0 = Debug|Any CPU
		{25BFE82F-8806-4D7C-9759-C81746D3E889}.Release|Any CPU.ActiveCfg = Release|Any CPU
		{25BFE82F-8806-4D7C-9759-C81746D3E889}.Release|Any CPU.Build.0 = Release|Any CPU
		{97D4668D-A042-45AE-A783-1F54FADACC36}.Debug|Any CPU.ActiveCfg = Debug|Any CPU
		{97D4668D-A042-45AE-A783-1F54FADACC36}.Debug|Any CPU.Build.0 = Debug|Any CPU
		{97D4668D-A042-45AE-A783-1F54FADACC36}.Release|Any CPU.ActiveCfg = Release|Any CPU
		{97D4668D-A042-45AE-A783-1F54FADACC36}.Release|Any CPU.Build.0 = Release|Any CPU
		{6B3DBD40-1D1A-46B1-B47E-425001F0183A}.Debug|Any CPU.ActiveCfg = Debug|Any CPU
		{6B3DBD40-1D1A-46B1-B47E-425001F0183A}.Debug|Any CPU.Build.0 = Debug|Any CPU
		{6B3DBD40-1D1A-46B1-B47E-425001F0183A}.Release|Any CPU.ActiveCfg = Release|Any CPU
		{6B3DBD40-1D1A-46B1-B47E-425001F0183A}.Release|Any CPU.Build.0 = Release|Any CPU
		{965E558A-9277-4380-9036-08183BBFF220}.Debug|Any CPU.ActiveCfg = Debug|Any CPU
		{965E558A-9277-4380-9036-08183BBFF220}.Debug|Any CPU.Build.0 = Debug|Any CPU
		{965E558A-9277-4380-9036-08183BBFF220}.Release|Any CPU.ActiveCfg = Release|Any CPU
		{965E558A-9277-4380-9036-08183BBFF220}.Release|Any CPU.Build.0 = Release|Any CPU
		{05B66488-C12B-48B8-A95C-0EEAEFE1087F}.Debug|Any CPU.ActiveCfg = Debug|Any CPU
		{05B66488-C12B-48B8-A95C-0EEAEFE1087F}.Debug|Any CPU.Build.0 = Debug|Any CPU
		{05B66488-C12B-48B8-A95C-0EEAEFE1087F}.Release|Any CPU.ActiveCfg = Release|Any CPU
		{05B66488-C12B-48B8-A95C-0EEAEFE1087F}.Release|Any CPU.Build.0 = Release|Any CPU
	EndGlobalSection
	GlobalSection(SolutionProperties) = preSolution
		HideSolutionNode = FALSE
	EndGlobalSection
	GlobalSection(NestedProjects) = preSolution
		{EF46AAA5-6C7D-43AB-8E84-F690CFE255B9} = {32F39696-D344-4BD4-863E-EEBDE1E095EE}
		{637F971D-7F22-4DB0-96C4-96E5B83A973C} = {EF46AAA5-6C7D-43AB-8E84-F690CFE255B9}
		{BE664748-0F28-4CBF-9F47-A0CBC578C9D5} = {32F39696-D344-4BD4-863E-EEBDE1E095EE}
		{D4220AA2-62D8-4B2B-9D29-63922A95BB61} = {BE664748-0F28-4CBF-9F47-A0CBC578C9D5}
		{198AF4DD-B0DE-46AF-A966-64BB98F3EF57} = {BE664748-0F28-4CBF-9F47-A0CBC578C9D5}
		{7D13074E-0B76-4369-A0FD-D11FA3735437} = {32F39696-D344-4BD4-863E-EEBDE1E095EE}
		{E5EC9B3A-35FE-4C5E-9E40-8516CF9B8AF0} = {7D13074E-0B76-4369-A0FD-D11FA3735437}
		{993E30AA-EECA-4EB7-92D4-66652632C376} = {7D13074E-0B76-4369-A0FD-D11FA3735437}
		{883AC3A2-8573-430E-9223-45259764F339} = {591A338E-A8D6-4F7C-B7BB-BD8944161D25}
		{9B5F9F95-4E82-46AB-86D4-8AEC73DBF19B} = {883AC3A2-8573-430E-9223-45259764F339}
		{90B711D1-92BD-462E-9FC7-4F07445A6132} = {591A338E-A8D6-4F7C-B7BB-BD8944161D25}
		{05C477EA-5BF9-4096-BB17-80F6A9649184} = {90B711D1-92BD-462E-9FC7-4F07445A6132}
		{B28214B5-F6E9-4079-AFDC-10277DA4E138} = {90B711D1-92BD-462E-9FC7-4F07445A6132}
		{F62EB76E-CCB8-470E-B9E9-B97F9FA4E268} = {591A338E-A8D6-4F7C-B7BB-BD8944161D25}
		{75DD0AB2-2549-48B5-BC3C-323E4DA50B87} = {F62EB76E-CCB8-470E-B9E9-B97F9FA4E268}
		{C9CE7B73-E433-43DA-A638-824D093D2E8B} = {F62EB76E-CCB8-470E-B9E9-B97F9FA4E268}
		{3F85A89F-448D-4DB5-B087-680FEECFBEC3} = {508FFD05-6131-4251-A248-21392396A7DD}
		{D58090E5-F148-4F0A-98AE-F39685DF7EF2} = {3F85A89F-448D-4DB5-B087-680FEECFBEC3}
		{E749445D-EA85-400F-9E62-90017DFA363B} = {508FFD05-6131-4251-A248-21392396A7DD}
		{BAD8F38F-1E58-4A70-849B-90CE6BD12D74} = {E749445D-EA85-400F-9E62-90017DFA363B}
		{54E9454C-A9CF-4283-82CC-9611B73171EC} = {508FFD05-6131-4251-A248-21392396A7DD}
		{4F8A3566-6802-47C9-BB11-5242A434B680} = {54E9454C-A9CF-4283-82CC-9611B73171EC}
		{F29DBC2F-461E-42AF-BFAB-23D0858EA072} = {54E9454C-A9CF-4283-82CC-9611B73171EC}
		{ECDCD64C-C70C-4BC6-A987-E3F7D889CA8E} = {E749445D-EA85-400F-9E62-90017DFA363B}
		{B16E74A6-4939-4C02-848A-0FA58D705FF5} = {33BD36A8-3DC2-4763-BB33-D79C890AEC7F}
		{D10A32E0-D18D-4171-91CC-33EBEE919ADA} = {B16E74A6-4939-4C02-848A-0FA58D705FF5}
		{1A848BD9-0C35-419F-A220-4F9FD1E3283A} = {33BD36A8-3DC2-4763-BB33-D79C890AEC7F}
		{3730B5E8-7BEE-4F71-9412-2E9C45EEA35D} = {1A848BD9-0C35-419F-A220-4F9FD1E3283A}
		{509716EF-450E-4F65-884F-79247E8B87DC} = {1A848BD9-0C35-419F-A220-4F9FD1E3283A}
		{9A002C41-A4BF-49A9-AA78-45F9316E9F27} = {33BD36A8-3DC2-4763-BB33-D79C890AEC7F}
		{93A2BE10-9D81-4C8B-9DA8-AA1DE30FB53D} = {9A002C41-A4BF-49A9-AA78-45F9316E9F27}
		{99BE8637-90FD-4431-8411-A185816F3236} = {9A002C41-A4BF-49A9-AA78-45F9316E9F27}
		{B7558864-797B-4251-B53E-A1653415DBA4} = {762D875E-3DD9-4B74-B04F-E1F2A5755EF9}
		{3E19B688-BD51-4082-88D1-F33D3FDEB89B} = {B7558864-797B-4251-B53E-A1653415DBA4}
		{476FAED7-5DF7-4ACD-9E37-7AA071ECAC76} = {762D875E-3DD9-4B74-B04F-E1F2A5755EF9}
		{948D65E0-FDD7-4219-B60E-2CA7E7E7A683} = {476FAED7-5DF7-4ACD-9E37-7AA071ECAC76}
		{09354BFF-F270-467F-90C8-6DF69F556A1A} = {476FAED7-5DF7-4ACD-9E37-7AA071ECAC76}
		{8162548C-03FB-4FB8-8913-4DEC06D34E01} = {762D875E-3DD9-4B74-B04F-E1F2A5755EF9}
		{E9BE6BC3-3A78-442A-994C-E60A3A4AAA38} = {8162548C-03FB-4FB8-8913-4DEC06D34E01}
		{856D3825-0177-4250-9549-982332D9357C} = {8162548C-03FB-4FB8-8913-4DEC06D34E01}
		{92DABA34-8622-4888-9ADA-B6068B8E95BE} = {F1F428D9-0B5C-4A53-80F0-3B48A9A7D628}
		{25BFE82F-8806-4D7C-9759-C81746D3E889} = {92DABA34-8622-4888-9ADA-B6068B8E95BE}
		{47527566-8AF7-452E-94D6-23185AE2580C} = {F1F428D9-0B5C-4A53-80F0-3B48A9A7D628}
		{97D4668D-A042-45AE-A783-1F54FADACC36} = {47527566-8AF7-452E-94D6-23185AE2580C}
		{AC3F02F3-5397-44EF-92D1-878DF30B5BD2} = {F1F428D9-0B5C-4A53-80F0-3B48A9A7D628}
		{6B3DBD40-1D1A-46B1-B47E-425001F0183A} = {AC3F02F3-5397-44EF-92D1-878DF30B5BD2}
		{965E558A-9277-4380-9036-08183BBFF220} = {47527566-8AF7-452E-94D6-23185AE2580C}
		{05B66488-C12B-48B8-A95C-0EEAEFE1087F} = {AC3F02F3-5397-44EF-92D1-878DF30B5BD2}
	EndGlobalSection
	GlobalSection(ExtensibilityGlobals) = postSolution
		SolutionGuid = {18A509FC-FECB-4B3A-BB11-34AE08B2284E}
	EndGlobalSection
EndGlobal
